{
  "name": "@b1f6c1c4/ccb",
  "version": "0.1.1",
  "lockfileVersion": 2,
  "requires": true,
  "packages": {
    "": {
      "name": "@b1f6c1c4/ccb",
      "version": "0.1.1",
      "license": "MIT",
      "dependencies": {
        "eml-format": "^0.6.1"
      },
      "bin": {
        "ccb": "index.js"
      }
    },
    "node_modules/eml-format": {
      "version": "0.6.1",
      "resolved": "https://registry.npmjs.org/eml-format/-/eml-format-0.6.1.tgz",
      "integrity": "sha512-lOeY4J6yYrGJoatXi8164pHdwLvmGjM0/+whBxZnylNZBraSJj5Z5+TYVtp+wlkeSKFJ3+AQEAvZwEP+Yx/c4Q==",
      "dependencies": {
        "iconv-lite": "^0.5.0"
      },
      "bin": {
        "eml-unpack": "bin/eml-unpack.js"
      }
    },
    "node_modules/iconv-lite": {
      "version": "0.5.2",
      "resolved": "https://registry.npmjs.org/iconv-lite/-/iconv-lite-0.5.2.tgz",
      "integrity": "sha512-kERHXvpSaB4aU3eANwidg79K8FlrN77m8G9V+0vOR3HYaRifrlwMEpT7ZBJqLSEIHnEgJTHcWK82wwLwwKwtag==",
      "dependencies": {
        "safer-buffer": ">= 2.1.2 < 3"
      },
      "engines": {
        "node": ">=0.10.0"
      }
    },
    "node_modules/safer-buffer": {
      "version": "2.1.2",
      "resolved": "https://registry.npmjs.org/safer-buffer/-/safer-buffer-2.1.2.tgz",
      "integrity": "sha512-YZo3K82SD7Riyi0E1EQPojLz7kpepnSQI9IyPbHHg1XXXevb5dJI7tpyN2ADxGcQbHG7vcyRHk0cbwqcQriUtg=="
    }
  },
  "dependencies": {
    "eml-format": {
      "version": "0.6.1",
      "resolved": "https://registry.npmjs.org/eml-format/-/eml-format-0.6.1.tgz",
      "integrity": "sha512-lOeY4J6yYrGJoatXi8164pHdwLvmGjM0/+whBxZnylNZBraSJj5Z5+TYVtp+wlkeSKFJ3+AQEAvZwEP+Yx/c4Q==",
      "requires": {
        "iconv-lite": "^0.5.0"
      }
    },
    "iconv-lite": {
      "version": "0.5.2",
      "resolved": "https://registry.npmjs.org/iconv-lite/-/iconv-lite-0.5.2.tgz",
      "integrity": "sha512-kERHXvpSaB4aU3eANwidg79K8FlrN77m8G9V+0vOR3HYaRifrlwMEpT7ZBJqLSEIHnEgJTHcWK82wwLwwKwtag==",
      "requires": {
        "safer-buffer": ">= 2.1.2 < 3"
      }
    },
    "safer-buffer": {
      "version": "2.1.2",
      "resolved": "https://registry.npmjs.org/safer-buffer/-/safer-buffer-2.1.2.tgz",
      "integrity": "sha512-YZo3K82SD7Riyi0E1EQPojLz7kpepnSQI9IyPbHHg1XXXevb5dJI7tpyN2ADxGcQbHG7vcyRHk0cbwqcQriUtg=="
    }
  }
}
